Microsoft Visual Studio Solution File, Format Version 11.00
# Visual Studio 2008

Project("{A99877F7-1BD9-B0FA-0159-103DBEDB5C0F}") = "VE", "Assembly-CSharp-firstpass.csproj", "{2CA34809-D9A9-FE1C-96A7-7A4EE17CD0F7}"
EndProject
Project("{A99877F7-1BD9-B0FA-0159-103DBEDB5C0F}") = "VE", "Assembly-CSharp.csproj", "{A381610A-1DD5-FBF4-A7EA-D167937641A6}"
EndProject
Project("{A99877F7-1BD9-B0FA-0159-103DBEDB5C0F}") = "VE", "Assembly-CSharp-Editor.csproj", "{838A6A36-C38C-69CF-7B90-50BD345ED6BE}"
EndProject
Global
	GlobalSection(SolutionConfigurationPlatforms) = preSolution
		Debug|Any CPU = Debug|Any CPU
		Release|Any CPU = Release|Any CPU
	EndGlobalSection
	GlobalSection(ProjectConfigurationPlatforms) = postSolution
		{2CA34809-D9A9-FE1C-96A7-7A4EE17CD0F7}.Debug|Any CPU.ActiveCfg = Debug|Any CPU
		{2CA34809-D9A9-FE1C-96A7-7A4EE17CD0F7}.Debug|Any CPU.Build.0 = Debug|Any CPU
		{2CA34809-D9A9-FE1C-96A7-7A4EE17CD0F7}.Release|Any CPU.ActiveCfg = Release|Any CPU
		{2CA34809-D9A9-FE1C-96A7-7A4EE17CD0F7}.Release|Any CPU.Build.0 = Release|Any CPU
		{A381610A-1DD5-FBF4-A7EA-D167937641A6}.Debug|Any CPU.ActiveCfg = Debug|Any CPU
		{A381610A-1DD5-FBF4-A7EA-D167937641A6}.Debug|Any CPU.Build.0 = Debug|Any CPU
		{A381610A-1DD5-FBF4-A7EA-D167937641A6}.Release|Any CPU.ActiveCfg = Release|Any CPU
		{A381610A-1DD5-FBF4-A7EA-D167937641A6}.Release|Any CPU.Build.0 = Release|Any CPU
		{838A6A36-C38C-69CF-7B90-50BD345ED6BE}.Debug|Any CPU.ActiveCfg = Debug|Any CPU
		{838A6A36-C38C-69CF-7B90-50BD345ED6BE}.Debug|Any CPU.Build.0 = Debug|Any CPU
		{838A6A36-C38C-69CF-7B90-50BD345ED6BE}.Release|Any CPU.ActiveCfg = Release|Any CPU
		{838A6A36-C38C-69CF-7B90-50BD345ED6BE}.Release|Any CPU.Build.0 = Release|Any CPU
	EndGlobalSection
	GlobalSection(SolutionProperties) = preSolution
		HideSolutionNode = FALSE
	EndGlobalSection
	GlobalSection(MonoDevelopProperties) = preSolution
		StartupItem = Assembly-CSharp.csproj
	EndGlobalSection
EndGlobal
