
Microsoft Visual Studio Solution File, Format Version 12.00
# Visual Studio 2015
Project("{FAE04EC0-301F-11D3-BF4B-00C04F79EFBC}") = "VirtualRealityProject.CSharp.Plugins", "VirtualRealityProject.CSharp.Plugins.csproj", "{5E54CA47-2B51-2B7A-D297-90F3E51FAD57}"
EndProject
Project("{FAE04EC0-301F-11D3-BF4B-00C04F79EFBC}") = "VirtualRealityProject.CSharp", "VirtualRealityProject.CSharp.csproj", "{A4E94E81-B280-C66E-0906-8AC1CC39FF0D}"
EndProject
Project("{FAE04EC0-301F-11D3-BF4B-00C04F79EFBC}") = "VirtualRealityProject.CSharp.Editor", "VirtualRealityProject.CSharp.Editor.csproj", "{C0B0F6DE-7567-715B-57F5-A74B62F281BE}"
EndProject
Global
	GlobalSection(SolutionConfigurationPlatforms) = preSolution
		Debug|Any CPU = Debug|Any CPU
		Release|Any CPU = Release|Any CPU
	EndGlobalSection
	GlobalSection(ProjectConfigurationPlatforms) = postSolution
		{5E54CA47-2B51-2B7A-D297-90F3E51FAD57}.Debug|Any CPU.ActiveCfg = Debug|Any CPU
		{5E54CA47-2B51-2B7A-D297-90F3E51FAD57}.Debug|Any CPU.Build.0 = Debug|Any CPU
		{5E54CA47-2B51-2B7A-D297-90F3E51FAD57}.Release|Any CPU.ActiveCfg = Release|Any CPU
		{5E54CA47-2B51-2B7A-D297-90F3E51FAD57}.Release|Any CPU.Build.0 = Release|Any CPU
		{A4E94E81-B280-C66E-0906-8AC1CC39FF0D}.Debug|Any CPU.ActiveCfg = Debug|Any CPU
		{A4E94E81-B280-C66E-0906-8AC1CC39FF0D}.Debug|Any CPU.Build.0 = Debug|Any CPU
		{A4E94E81-B280-C66E-0906-8AC1CC39FF0D}.Release|Any CPU.ActiveCfg = Release|Any CPU
		{A4E94E81-B280-C66E-0906-8AC1CC39FF0D}.Release|Any CPU.Build.0 = Release|Any CPU
		{C0B0F6DE-7567-715B-57F5-A74B62F281BE}.Debug|Any CPU.ActiveCfg = Debug|Any CPU
		{C0B0F6DE-7567-715B-57F5-A74B62F281BE}.Debug|Any CPU.Build.0 = Debug|Any CPU
		{C0B0F6DE-7567-715B-57F5-A74B62F281BE}.Release|Any CPU.ActiveCfg = Release|Any CPU
		{C0B0F6DE-7567-715B-57F5-A74B62F281BE}.Release|Any CPU.Build.0 = Release|Any CPU
	EndGlobalSection
	GlobalSection(SolutionProperties) = preSolution
		HideSolutionNode = FALSE
	EndGlobalSection
EndGlobal
